
Microsoft Visual Studio Solution File, Format Version 12.00
# Visual Studio Version 17
VisualStudioVersion = 17.6.33815.320
MinimumVisualStudioVersion = 10.0.40219.1
Project("{9A19103F-16F7-4668-BE54-9A1E7A4F7556}") = "Commy", "Commy.csproj", "{0FE018AB-6CC2-49AF-BF5B-6679444E67C8}"
EndProject
Global
	GlobalSection(SolutionConfigurationPlatforms) = preSolution
		Debug|Any CPU = Debug|Any CPU
		Release|Any CPU = Release|Any CPU
	EndGlobalSection
	GlobalSection(ProjectConfigurationPlatforms) = postSolution
		{0FE018AB-6CC2-49AF-BF5B-6679444E67C8}.Debug|Any CPU.ActiveCfg = Debug|Any CPU
		{0FE018AB-6CC2-49AF-BF5B-6679444E67C8}.Debug|Any CPU.Build.0 = Debug|Any CPU
		{0FE018AB-6CC2-49AF-BF5B-6679444E67C8}.Release|Any CPU.ActiveCfg = Release|Any CPU
		{0FE018AB-6CC2-49AF-BF5B-6679444E67C8}.Release|Any CPU.Build.0 = Release|Any CPU
	EndGlobalSection
	GlobalSection(SolutionProperties) = preSolution
		HideSolutionNode = FALSE
	EndGlobalSection
	GlobalSection(ExtensibilityGlobals) = postSolution
		SolutionGuid = {2502C04A-EA56-4BC2-ABD2-69C1A2B0335C}
	EndGlobalSection
EndGlobal
